
Microsoft Visual Studio Solution File, Format Version 12.00
# Visual Studio Version 17
VisualStudioVersion = 17.14.36119.2
MinimumVisualStudioVersion = 10.0.40219.1
Project("{FAE04EC0-301F-11D3-BF4B-00C04F79EFBC}") = "BookShopping", "BookShopping\BookShopping.csproj", "{F390FC2E-B822-48AA-8A61-414795337F47}"
EndProject
Project("{FAE04EC0-301F-11D3-BF4B-00C04F79EFBC}") = "BookShopping.Models", "BookShopping.Models\BookShopping.Models.csproj", "{A0AD72A9-E4CA-4FE4-92F7-5129E880849F}"
EndProject
Project("{FAE04EC0-301F-11D3-BF4B-00C04F79EFBC}") = "BookShopping.Data", "BookShopping.Data\BookShopping.Data.csproj", "{8976DFDF-0536-4A74-8E73-FEBA9442EA1A}"
EndProject
Project("{FAE04EC0-301F-11D3-BF4B-00C04F79EFBC}") = "BookShopping.Utility", "BookShopping.Utility\BookShopping.Utility.csproj", "{860CD53E-531B-4C8E-8167-202DC144D2EE}"
EndProject
Project("{FAE04EC0-301F-11D3-BF4B-00C04F79EFBC}") = "BookShopping.Services", "BookShopping.Services\BookShopping.Services.csproj", "{008EF062-1958-4D74-B175-00F10D3F7076}"
EndProject
Global
	GlobalSection(SolutionConfigurationPlatforms) = preSolution
		Debug|Any CPU = Debug|Any CPU
		Release|Any CPU = Release|Any CPU
	EndGlobalSection
	GlobalSection(ProjectConfigurationPlatforms) = postSolution
		{F390FC2E-B822-48AA-8A61-414795337F47}.Debug|Any CPU.ActiveCfg = Debug|Any CPU
		{F390FC2E-B822-48AA-8A61-414795337F47}.Debug|Any CPU.Build.0 = Debug|Any CPU
		{F390FC2E-B822-48AA-8A61-414795337F47}.Release|Any CPU.ActiveCfg = Release|Any CPU
		{F390FC2E-B822-48AA-8A61-414795337F47}.Release|Any CPU.Build.0 = Release|Any CPU
		{A0AD72A9-E4CA-4FE4-92F7-5129E880849F}.Debug|Any CPU.ActiveCfg = Debug|Any CPU
		{A0AD72A9-E4CA-4FE4-92F7-5129E880849F}.Debug|Any CPU.Build.0 = Debug|Any CPU
		{A0AD72A9-E4CA-4FE4-92F7-5129E880849F}.Release|Any CPU.ActiveCfg = Release|Any CPU
		{A0AD72A9-E4CA-4FE4-92F7-5129E880849F}.Release|Any CPU.Build.0 = Release|Any CPU
		{8976DFDF-0536-4A74-8E73-FEBA9442EA1A}.Debug|Any CPU.ActiveCfg = Debug|Any CPU
		{8976DFDF-0536-4A74-8E73-FEBA9442EA1A}.Debug|Any CPU.Build.0 = Debug|Any CPU
		{8976DFDF-0536-4A74-8E73-FEBA9442EA1A}.Release|Any CPU.ActiveCfg = Release|Any CPU
		{8976DFDF-0536-4A74-8E73-FEBA9442EA1A}.Release|Any CPU.Build.0 = Release|Any CPU
		{860CD53E-531B-4C8E-8167-202DC144D2EE}.Debug|Any CPU.ActiveCfg = Debug|Any CPU
		{860CD53E-531B-4C8E-8167-202DC144D2EE}.Debug|Any CPU.Build.0 = Debug|Any CPU
		{860CD53E-531B-4C8E-8167-202DC144D2EE}.Release|Any CPU.ActiveCfg = Release|Any CPU
		{860CD53E-531B-4C8E-8167-202DC144D2EE}.Release|Any CPU.Build.0 = Release|Any CPU
		{008EF062-1958-4D74-B175-00F10D3F7076}.Debug|Any CPU.ActiveCfg = Debug|Any CPU
		{008EF062-1958-4D74-B175-00F10D3F7076}.Debug|Any CPU.Build.0 = Debug|Any CPU
		{008EF062-1958-4D74-B175-00F10D3F7076}.Release|Any CPU.ActiveCfg = Release|Any CPU
		{008EF062-1958-4D74-B175-00F10D3F7076}.Release|Any CPU.Build.0 = Release|Any CPU
	EndGlobalSection
	GlobalSection(SolutionProperties) = preSolution
		HideSolutionNode = FALSE
	EndGlobalSection
	GlobalSection(ExtensibilityGlobals) = postSolution
		SolutionGuid = {C2FFF7E6-4192-4999-B8D4-CDA8430C7091}
	EndGlobalSection
EndGlobal
